
Microsoft Visual Studio Solution File, Format Version 12.00
# Visual Studio Version 16
VisualStudioVersion = 16.0.30406.217
MinimumVisualStudioVersion = 10.0.40219.1
Project("{F184B08F-C81C-45F6-A57F-5ABD9991F28F}") = "Proyecto", "Proyecto.vbproj", "{40F8F5D5-D234-4FC5-8C2C-6516F5B7C52F}"
EndProject
Global
	GlobalSection(SolutionConfigurationPlatforms) = preSolution
		Debug|Any CPU = Debug|Any CPU
		Release|Any CPU = Release|Any CPU
	EndGlobalSection
	GlobalSection(ProjectConfigurationPlatforms) = postSolution
		{40F8F5D5-D234-4FC5-8C2C-6516F5B7C52F}.Debug|Any CPU.ActiveCfg = Debug|Any CPU
		{40F8F5D5-D234-4FC5-8C2C-6516F5B7C52F}.Debug|Any CPU.Build.0 = Debug|Any CPU
		{40F8F5D5-D234-4FC5-8C2C-6516F5B7C52F}.Release|Any CPU.ActiveCfg = Release|Any CPU
		{40F8F5D5-D234-4FC5-8C2C-6516F5B7C52F}.Release|Any CPU.Build.0 = Release|Any CPU
	EndGlobalSection
	GlobalSection(SolutionProperties) = preSolution
		HideSolutionNode = FALSE
	EndGlobalSection
	GlobalSection(ExtensibilityGlobals) = postSolution
		SolutionGuid = {CF6B9A12-DAA9-4AD6-8A7F-01A0A5375E02}
	EndGlobalSection
EndGlobal
